
Microsoft Visual Studio Solution File, Format Version 12.00
# Visual Studio Version 17
VisualStudioVersion = 17.11.35327.3
MinimumVisualStudioVersion = 10.0.40219.1
Project("{FAE04EC0-301F-11D3-BF4B-00C04F79EFBC}") = "Eci-Barber", "Eci-Barber.csproj", "{38686A14-67FB-464A-B230-830918D32BDD}"
EndProject
Global
	GlobalSection(SolutionConfigurationPlatforms) = preSolution
		Debug|Any CPU = Debug|Any CPU
		Release|Any CPU = Release|Any CPU
	EndGlobalSection
	GlobalSection(ProjectConfigurationPlatforms) = postSolution
		{38686A14-67FB-464A-B230-830918D32BDD}.Debug|Any CPU.ActiveCfg = Debug|Any CPU
		{38686A14-67FB-464A-B230-830918D32BDD}.Debug|Any CPU.Build.0 = Debug|Any CPU
		{38686A14-67FB-464A-B230-830918D32BDD}.Release|Any CPU.ActiveCfg = Release|Any CPU
		{38686A14-67FB-464A-B230-830918D32BDD}.Release|Any CPU.Build.0 = Release|Any CPU
	EndGlobalSection
	GlobalSection(SolutionProperties) = preSolution
		HideSolutionNode = FALSE
	EndGlobalSection
	GlobalSection(ExtensibilityGlobals) = postSolution
		SolutionGuid = {086AC2D8-5F11-4849-9C4F-733F532C01E8}
	EndGlobalSection
EndGlobal
